
Microsoft Visual Studio Solution File, Format Version 12.00
# Visual Studio Version 16
VisualStudioVersion = 16.0.31515.178
MinimumVisualStudioVersion = 10.0.40219.1
Project("{FAE04EC0-301F-11D3-BF4B-00C04F79EFBC}") = "ConsoleApp8", "ConsoleApp8\ConsoleApp8.csproj", "{EDA8A6F2-4224-4303-9E35-27F66AB0E8B4}"
EndProject
Global
	GlobalSection(SolutionConfigurationPlatforms) = preSolution
		Debug|Any CPU = Debug|Any CPU
		Release|Any CPU = Release|Any CPU
	EndGlobalSection
	GlobalSection(ProjectConfigurationPlatforms) = postSolution
		{EDA8A6F2-4224-4303-9E35-27F66AB0E8B4}.Debug|Any CPU.ActiveCfg = Debug|Any CPU
		{EDA8A6F2-4224-4303-9E35-27F66AB0E8B4}.Debug|Any CPU.Build.0 = Debug|Any CPU
		{EDA8A6F2-4224-4303-9E35-27F66AB0E8B4}.Release|Any CPU.ActiveCfg = Release|Any CPU
		{EDA8A6F2-4224-4303-9E35-27F66AB0E8B4}.Release|Any CPU.Build.0 = Release|Any CPU
	EndGlobalSection
	GlobalSection(SolutionProperties) = preSolution
		HideSolutionNode = FALSE
	EndGlobalSection
	GlobalSection(ExtensibilityGlobals) = postSolution
		SolutionGuid = {FE2C9EA7-B338-4B55-9C59-F6E4C5E92B25}
	EndGlobalSection
EndGlobal
